SITE
  remote: http://community.opscode.com/api/v1
  specs:
    apache2 (1.8.14)
    application (4.1.4)
    apt (2.3.4)
    aws (1.0.0)
    build-essential (1.4.2)
    chef-solo-search (0.5.1)
    chef_gem (0.1.0)
    chef_handler (1.1.4)
    database (1.6.0)
      aws (>= 0.0.0)
      mysql (>= 1.3.0)
      postgresql (>= 1.0.0)
      xfs (>= 0.0.0)
    dmg (2.1.2)
    git (2.9.0)
      build-essential (>= 0.0.0)
      dmg (>= 0.0.0)
      runit (>= 1.0.0)
      windows (>= 0.0.0)
      yum (~> 3.0)
      yum-epel (>= 0.0.0)
    homesick (0.4.0)
      git (>= 0.0.0)
    java (1.17.2)
      aws (>= 0.0.0)
      windows (>= 0.0.0)
    logrotate (1.4.0)
    memcached (1.7.0)
      runit (~> 1.0)
      yum (~> 3.0)
      yum-epel (>= 0.0.0)
    mysql (4.0.14)
      build-essential (~> 1.4)
      openssl (~> 1.1)
    openssl (1.1.0)
    passenger_apache2 (2.1.2)
      apache2 (>= 1.0.4)
      build-essential (>= 0.0.0)
    php (1.2.6)
      build-essential (>= 0.0.0)
      mysql (>= 0.0.0)
      xml (>= 0.0.0)
    postgresql (3.3.4)
      apt (>= 0.0.0)
      build-essential (>= 0.0.0)
      openssl (>= 0.0.0)
    runit (1.5.8)
      build-essential (>= 0.0.0)
      yum (~> 3.0)
      yum-epel (>= 0.0.0)
    sudo (2.3.0)
    unicorn (1.3.0)
    users (1.6.0)
    vim (1.0.2)
    windows (1.11.0)
      chef_handler (>= 0.0.0)
    xfs (1.1.0)
    xml (1.2.0)
      build-essential (>= 0.0.0)
    yum (3.0.2)
    yum-epel (0.2.0)
      yum (~> 3.0)

GIT
  remote: git://github.com/fnichol/chef-rvm.git
  ref: master
  sha: 0cd320911c1e568cbf2eeac895a5ef06e5821589
  specs:
    rvm (0.9.1)
      chef_gem (>= 0.0.0)

GIT
  remote: https://github.com/markolson/chef-ssh
  ref: master
  sha: 468990595e0040ca21b90ef0e67a35b009e1e743
  specs:
    ssh (0.6.5)

GIT
  remote: https://github.com/phlipper/chef-curl
  ref: master
  sha: d1f6690319eb4e5278af0060eb053937541d8d90
  specs:
    curl (1.0.0)

GIT
  remote: https://github.com/poise/application_ruby
  ref: master
  sha: f073ae50a58db1a0d496290888da457ee63244c8
  specs:
    application_ruby (3.0.2)
      apache2 (>= 0.0.0)
      application (~> 4.0)
      logrotate (~> 1.0)
      passenger_apache2 (>= 0.0.0)
      runit (~> 1.0)
      unicorn (>= 0.0.0)

GIT
  remote: https://github.com/sovolve/cookbook-neo4j-multi-server
  ref: 7b67357043ad7962b06883e215f8a275efe72c5d
  sha: 7b67357043ad7962b06883e215f8a275efe72c5d
  specs:
    neo4j-multi-server (1.0.0)
      java (>= 0.0.0)

GIT
  remote: https://github.com/undergroundwebdesigns/application_php
  ref: master
  sha: b8ce4f1ac8f613c8bc63f9f0e292e4418fdda9f1
  specs:
    application_php (2.0.1)
      apache2 (>= 0.0.0)
      application (>= 3.0)
      php (>= 0.0.0)

PATH
  remote: site-cookbooks/panomira_php_api
  specs:
    panomira_php_api (0.1.0)
      application (>= 0.0.0)
      application_php (>= 0.0.0)
      database (>= 0.0.0)
      neo4j-multi-server (>= 0.0.0)
      ssh (>= 0.0.0)

PATH
  remote: site-cookbooks/panomira_rails_api
  specs:
    panomira_rails_api (0.1.0)
      application (>= 0.0.0)
      application_ruby (>= 0.0.0)
      database (>= 0.0.0)
      neo4j-multi-server (>= 0.0.0)
      ssh (>= 0.0.0)

DEPENDENCIES
  apache2 (>= 0)
  application (>= 0)
  application_php (>= 0)
  application_ruby (>= 0)
  apt (>= 0)
  build-essential (>= 0)
  chef-solo-search (>= 0)
  curl (>= 0)
  database (>= 0)
  git (>= 0)
  homesick (>= 0)
  memcached (>= 0)
  neo4j-multi-server (>= 0)
  panomira_php_api (>= 0)
  panomira_rails_api (>= 0)
  php (= 1.2.6)
  rvm (>= 0)
  ssh (>= 0)
  sudo (>= 0)
  users (>= 0)
  vim (= 1.0.2)
  windows (= 1.11.0)

